
Microsoft Visual Studio Solution File, Format Version 12.00
# Visual Studio 15
VisualStudioVersion = 15.0.28307.1082
MinimumVisualStudioVersion = 10.0.40219.1
Project("{FAE04EC0-301F-11D3-BF4B-00C04F79EFBC}") = "MVCDemo7", "MVCDemo7\MVCDemo7.csproj", "{515AAAB1-8920-4711-8870-BF0689558048}"
EndProject
Global
	GlobalSection(SolutionConfigurationPlatforms) = preSolution
		Debug|Any CPU = Debug|Any CPU
		Release|Any CPU = Release|Any CPU
	EndGlobalSection
	GlobalSection(ProjectConfigurationPlatforms) = postSolution
		{515AAAB1-8920-4711-8870-BF0689558048}.Debug|Any CPU.ActiveCfg = Debug|Any CPU
		{515AAAB1-8920-4711-8870-BF0689558048}.Debug|Any CPU.Build.0 = Debug|Any CPU
		{515AAAB1-8920-4711-8870-BF0689558048}.Release|Any CPU.ActiveCfg = Release|Any CPU
		{515AAAB1-8920-4711-8870-BF0689558048}.Release|Any CPU.Build.0 = Release|Any CPU
	EndGlobalSection
	GlobalSection(SolutionProperties) = preSolution
		HideSolutionNode = FALSE
	EndGlobalSection
	GlobalSection(ExtensibilityGlobals) = postSolution
		SolutionGuid = {3DAF674E-6742-4074-964A-6CBC0A1F68B4}
	EndGlobalSection
EndGlobal
